
Microsoft Visual Studio Solution File, Format Version 9.00
# Visual Studio 2005
Project("{8BC9CEB8-8B4A-11D0-8D11-00A0C91BC942}") = "UserInterface", "UserInterface.vcproj", "{27B3CECE-C343-4444-AD63-7A53407133FD}"
EndProject
Project("{8BC9CEB8-8B4A-11D0-8D11-00A0C91BC942}") = "DBInterface", "DBInterface\DBInterface.vcproj", "{C3A02EC9-A810-4274-8424-B8B07CB662F6}"
EndProject
Global
	GlobalSection(SolutionConfigurationPlatforms) = preSolution
		Debug|Win32 = Debug|Win32
		Release|Win32 = Release|Win32
	EndGlobalSection
	GlobalSection(ProjectConfigurationPlatforms) = postSolution
		{27B3CECE-C343-4444-AD63-7A53407133FD}.Debug|Win32.ActiveCfg = Debug|Win32
		{27B3CECE-C343-4444-AD63-7A53407133FD}.Debug|Win32.Build.0 = Debug|Win32
		{27B3CECE-C343-4444-AD63-7A53407133FD}.Release|Win32.ActiveCfg = Release|Win32
		{27B3CECE-C343-4444-AD63-7A53407133FD}.Release|Win32.Build.0 = Release|Win32
		{C3A02EC9-A810-4274-8424-B8B07CB662F6}.Debug|Win32.ActiveCfg = Debug|Win32
		{C3A02EC9-A810-4274-8424-B8B07CB662F6}.Debug|Win32.Build.0 = Debug|Win32
		{C3A02EC9-A810-4274-8424-B8B07CB662F6}.Release|Win32.ActiveCfg = Release|Win32
		{C3A02EC9-A810-4274-8424-B8B07CB662F6}.Release|Win32.Build.0 = Release|Win32
	EndGlobalSection
	GlobalSection(SolutionProperties) = preSolution
		HideSolutionNode = FALSE
	EndGlobalSection
EndGlobal
