
Microsoft Visual Studio Solution File, Format Version 9.00
# Visual Studio 2005
Project("{8BC9CEB8-8B4A-11D0-8D11-00A0C91BC942}") = "MinimalCostDBInterface", "MinimalCostDBInterface.vcproj", "{13F68E7F-81FA-4274-8AB5-9A346A830D66}"
EndProject
Global
	GlobalSection(SolutionConfigurationPlatforms) = preSolution
		Debug|Win32 = Debug|Win32
		Release|Win32 = Release|Win32
	EndGlobalSection
	GlobalSection(ProjectConfigurationPlatforms) = postSolution
		{13F68E7F-81FA-4274-8AB5-9A346A830D66}.Debug|Win32.ActiveCfg = Debug|Win32
		{13F68E7F-81FA-4274-8AB5-9A346A830D66}.Debug|Win32.Build.0 = Debug|Win32
		{13F68E7F-81FA-4274-8AB5-9A346A830D66}.Release|Win32.ActiveCfg = Release|Win32
		{13F68E7F-81FA-4274-8AB5-9A346A830D66}.Release|Win32.Build.0 = Release|Win32
	EndGlobalSection
	GlobalSection(SolutionProperties) = preSolution
		HideSolutionNode = FALSE
	EndGlobalSection
EndGlobal
